
Microsoft Visual Studio Solution File, Format Version 12.00
# Visual Studio Version 17
VisualStudioVersion = 17.0.31903.59
MinimumVisualStudioVersion = 10.0.40219.1
Project("{2150E333-8FDC-42A3-9474-1A3956D46DE8}") = "src", "src", "{827E0CD3-B72D-47B6-A68D-7590B98EB39B}"
EndProject
Project("{FAE04EC0-301F-11D3-BF4B-00C04F79EFBC}") = "EduBuddy.Domain", "src\EduBuddy.Domain\EduBuddy.Domain.csproj", "{8A02C515-6142-4E6E-992D-1FB716B19728}"
EndProject
Project("{FAE04EC0-301F-11D3-BF4B-00C04F79EFBC}") = "EduBuddy.Application", "src\EduBuddy.Application\EduBuddy.Application.csproj", "{9F827937-2F5A-405F-9367-8869935B2C6E}"
EndProject
Project("{FAE04EC0-301F-11D3-BF4B-00C04F79EFBC}") = "EduBuddy.Infrastructure", "src\EduBuddy.Infrastructure\EduBuddy.Infrastructure.csproj", "{1497FD39-6776-4340-9BC2-AA3906F8C433}"
EndProject
Project("{FAE04EC0-301F-11D3-BF4B-00C04F79EFBC}") = "EduBuddy.WebApi", "src\EduBuddy.WebApi\EduBuddy.WebApi.csproj", "{CD0AE435-7487-41B4-94F0-2794E7AB2121}"
EndProject
Global
	GlobalSection(SolutionConfigurationPlatforms) = preSolution
		Debug|Any CPU = Debug|Any CPU
		Debug|x64 = Debug|x64
		Debug|x86 = Debug|x86
		Release|Any CPU = Release|Any CPU
		Release|x64 = Release|x64
		Release|x86 = Release|x86
	EndGlobalSection
	GlobalSection(ProjectConfigurationPlatforms) = postSolution
		{8A02C515-6142-4E6E-992D-1FB716B19728}.Debug|Any CPU.ActiveCfg = Debug|Any CPU
		{8A02C515-6142-4E6E-992D-1FB716B19728}.Debug|Any CPU.Build.0 = Debug|Any CPU
		{8A02C515-6142-4E6E-992D-1FB716B19728}.Debug|x64.ActiveCfg = Debug|Any CPU
		{8A02C515-6142-4E6E-992D-1FB716B19728}.Debug|x64.Build.0 = Debug|Any CPU
		{8A02C515-6142-4E6E-992D-1FB716B19728}.Debug|x86.ActiveCfg = Debug|Any CPU
		{8A02C515-6142-4E6E-992D-1FB716B19728}.Debug|x86.Build.0 = Debug|Any CPU
		{8A02C515-6142-4E6E-992D-1FB716B19728}.Release|Any CPU.ActiveCfg = Release|Any CPU
		{8A02C515-6142-4E6E-992D-1FB716B19728}.Release|Any CPU.Build.0 = Release|Any CPU
		{8A02C515-6142-4E6E-992D-1FB716B19728}.Release|x64.ActiveCfg = Release|Any CPU
		{8A02C515-6142-4E6E-992D-1FB716B19728}.Release|x64.Build.0 = Release|Any CPU
		{8A02C515-6142-4E6E-992D-1FB716B19728}.Release|x86.ActiveCfg = Release|Any CPU
		{8A02C515-6142-4E6E-992D-1FB716B19728}.Release|x86.Build.0 = Release|Any CPU
		{9F827937-2F5A-405F-9367-8869935B2C6E}.Debug|Any CPU.ActiveCfg = Debug|Any CPU
		{9F827937-2F5A-405F-9367-8869935B2C6E}.Debug|Any CPU.Build.0 = Debug|Any CPU
		{9F827937-2F5A-405F-9367-8869935B2C6E}.Debug|x64.ActiveCfg = Debug|Any CPU
		{9F827937-2F5A-405F-9367-8869935B2C6E}.Debug|x64.Build.0 = Debug|Any CPU
		{9F827937-2F5A-405F-9367-8869935B2C6E}.Debug|x86.ActiveCfg = Debug|Any CPU
		{9F827937-2F5A-405F-9367-8869935B2C6E}.Debug|x86.Build.0 = Debug|Any CPU
		{9F827937-2F5A-405F-9367-8869935B2C6E}.Release|Any CPU.ActiveCfg = Release|Any CPU
		{9F827937-2F5A-405F-9367-8869935B2C6E}.Release|Any CPU.Build.0 = Release|Any CPU
		{9F827937-2F5A-405F-9367-8869935B2C6E}.Release|x64.ActiveCfg = Release|Any CPU
		{9F827937-2F5A-405F-9367-8869935B2C6E}.Release|x64.Build.0 = Release|Any CPU
		{9F827937-2F5A-405F-9367-8869935B2C6E}.Release|x86.ActiveCfg = Release|Any CPU
		{9F827937-2F5A-405F-9367-8869935B2C6E}.Release|x86.Build.0 = Release|Any CPU
		{1497FD39-6776-4340-9BC2-AA3906F8C433}.Debug|Any CPU.ActiveCfg = Debug|Any CPU
		{1497FD39-6776-4340-9BC2-AA3906F8C433}.Debug|Any CPU.Build.0 = Debug|Any CPU
		{1497FD39-6776-4340-9BC2-AA3906F8C433}.Debug|x64.ActiveCfg = Debug|Any CPU
		{1497FD39-6776-4340-9BC2-AA3906F8C433}.Debug|x64.Build.0 = Debug|Any CPU
		{1497FD39-6776-4340-9BC2-AA3906F8C433}.Debug|x86.ActiveCfg = Debug|Any CPU
		{1497FD39-6776-4340-9BC2-AA3906F8C433}.Debug|x86.Build.0 = Debug|Any CPU
		{1497FD39-6776-4340-9BC2-AA3906F8C433}.Release|Any CPU.ActiveCfg = Release|Any CPU
		{1497FD39-6776-4340-9BC2-AA3906F8C433}.Release|Any CPU.Build.0 = Release|Any CPU
		{1497FD39-6776-4340-9BC2-AA3906F8C433}.Release|x64.ActiveCfg = Release|Any CPU
		{1497FD39-6776-4340-9BC2-AA3906F8C433}.Release|x64.Build.0 = Release|Any CPU
		{1497FD39-6776-4340-9BC2-AA3906F8C433}.Release|x86.ActiveCfg = Release|Any CPU
		{1497FD39-6776-4340-9BC2-AA3906F8C433}.Release|x86.Build.0 = Release|Any CPU
		{CD0AE435-7487-41B4-94F0-2794E7AB2121}.Debug|Any CPU.ActiveCfg = Debug|Any CPU
		{CD0AE435-7487-41B4-94F0-2794E7AB2121}.Debug|Any CPU.Build.0 = Debug|Any CPU
		{CD0AE435-7487-41B4-94F0-2794E7AB2121}.Debug|x64.ActiveCfg = Debug|Any CPU
		{CD0AE435-7487-41B4-94F0-2794E7AB2121}.Debug|x64.Build.0 = Debug|Any CPU
		{CD0AE435-7487-41B4-94F0-2794E7AB2121}.Debug|x86.ActiveCfg = Debug|Any CPU
		{CD0AE435-7487-41B4-94F0-2794E7AB2121}.Debug|x86.Build.0 = Debug|Any CPU
		{CD0AE435-7487-41B4-94F0-2794E7AB2121}.Release|Any CPU.ActiveCfg = Release|Any CPU
		{CD0AE435-7487-41B4-94F0-2794E7AB2121}.Release|Any CPU.Build.0 = Release|Any CPU
		{CD0AE435-7487-41B4-94F0-2794E7AB2121}.Release|x64.ActiveCfg = Release|Any CPU
		{CD0AE435-7487-41B4-94F0-2794E7AB2121}.Release|x64.Build.0 = Release|Any CPU
		{CD0AE435-7487-41B4-94F0-2794E7AB2121}.Release|x86.ActiveCfg = Release|Any CPU
		{CD0AE435-7487-41B4-94F0-2794E7AB2121}.Release|x86.Build.0 = Release|Any CPU
	EndGlobalSection
	GlobalSection(SolutionProperties) = preSolution
		HideSolutionNode = FALSE
	EndGlobalSection
	GlobalSection(NestedProjects) = preSolution
		{8A02C515-6142-4E6E-992D-1FB716B19728} = {827E0CD3-B72D-47B6-A68D-7590B98EB39B}
		{9F827937-2F5A-405F-9367-8869935B2C6E} = {827E0CD3-B72D-47B6-A68D-7590B98EB39B}
		{1497FD39-6776-4340-9BC2-AA3906F8C433} = {827E0CD3-B72D-47B6-A68D-7590B98EB39B}
		{CD0AE435-7487-41B4-94F0-2794E7AB2121} = {827E0CD3-B72D-47B6-A68D-7590B98EB39B}
	EndGlobalSection
EndGlobal
